
Microsoft Visual Studio Solution File, Format Version 12.00
# Visual Studio 2012
Project("{FAE04EC0-301F-11D3-BF4B-00C04F79EFBC}") = "PyMCE_Service", "PyMCE_Service\PyMCE_Service.csproj", "{C88817A0-7F38-4C7B-AF47-5E1AEC06554A}"
EndProject
Project("{FAE04EC0-301F-11D3-BF4B-00C04F79EFBC}") = "PyMCE_Debug", "PyMCE_Debug\PyMCE_Debug.csproj", "{DD3EEB34-7AFA-4064-A0C6-9A2C2254D70F}"
EndProject
Project("{FAE04EC0-301F-11D3-BF4B-00C04F79EFBC}") = "PyMCE_Core", "PyMCE_Core\PyMCE_Core.csproj", "{930AB88D-7D00-4630-BA75-9D5A68B78157}"
EndProject
Project("{FAE04EC0-301F-11D3-BF4B-00C04F79EFBC}") = "PyMCE_Console", "PyMCE_Console\PyMCE_Console.csproj", "{0AAA725D-A066-4126-B969-6A97E5DC4B0D}"
EndProject
Project("{FAE04EC0-301F-11D3-BF4B-00C04F79EFBC}") = "PyMCE_Tests", "PyMCE_Tests\PyMCE_Tests.csproj", "{87599FC3-774B-4DD4-9DA3-3F501AD32CA6}"
EndProject
Project("{2150E333-8FDC-42A3-9474-1A3956D46DE8}") = ".nuget", ".nuget", "{4C2928D6-B3F6-4C5E-B3FD-3C038FFC4021}"
	ProjectSection(SolutionItems) = preProject
		.nuget\NuGet.Config = .nuget\NuGet.Config
		.nuget\NuGet.exe = .nuget\NuGet.exe
		.nuget\NuGet.targets = .nuget\NuGet.targets
	EndProjectSection
EndProject
Global
	GlobalSection(SolutionConfigurationPlatforms) = preSolution
		Debug|Any CPU = Debug|Any CPU
		Debug|Mixed Platforms = Debug|Mixed Platforms
		Debug|x86 = Debug|x86
		Release|Any CPU = Release|Any CPU
		Release|Mixed Platforms = Release|Mixed Platforms
		Release|x86 = Release|x86
	EndGlobalSection
	GlobalSection(ProjectConfigurationPlatforms) = postSolution
		{C88817A0-7F38-4C7B-AF47-5E1AEC06554A}.Debug|Any CPU.ActiveCfg = Debug|Any CPU
		{C88817A0-7F38-4C7B-AF47-5E1AEC06554A}.Debug|Any CPU.Build.0 = Debug|Any CPU
		{C88817A0-7F38-4C7B-AF47-5E1AEC06554A}.Debug|Mixed Platforms.ActiveCfg = Debug|x86
		{C88817A0-7F38-4C7B-AF47-5E1AEC06554A}.Debug|Mixed Platforms.Build.0 = Debug|x86
		{C88817A0-7F38-4C7B-AF47-5E1AEC06554A}.Debug|x86.ActiveCfg = Debug|x86
		{C88817A0-7F38-4C7B-AF47-5E1AEC06554A}.Debug|x86.Build.0 = Debug|x86
		{C88817A0-7F38-4C7B-AF47-5E1AEC06554A}.Release|Any CPU.ActiveCfg = Release|Any CPU
		{C88817A0-7F38-4C7B-AF47-5E1AEC06554A}.Release|Any CPU.Build.0 = Release|Any CPU
		{C88817A0-7F38-4C7B-AF47-5E1AEC06554A}.Release|Mixed Platforms.ActiveCfg = Release|x86
		{C88817A0-7F38-4C7B-AF47-5E1AEC06554A}.Release|Mixed Platforms.Build.0 = Release|x86
		{C88817A0-7F38-4C7B-AF47-5E1AEC06554A}.Release|x86.ActiveCfg = Release|x86
		{C88817A0-7F38-4C7B-AF47-5E1AEC06554A}.Release|x86.Build.0 = Release|x86
		{DD3EEB34-7AFA-4064-A0C6-9A2C2254D70F}.Debug|Any CPU.ActiveCfg = Debug|Any CPU
		{DD3EEB34-7AFA-4064-A0C6-9A2C2254D70F}.Debug|Any CPU.Build.0 = Debug|Any CPU
		{DD3EEB34-7AFA-4064-A0C6-9A2C2254D70F}.Debug|Mixed Platforms.ActiveCfg = Debug|x86
		{DD3EEB34-7AFA-4064-A0C6-9A2C2254D70F}.Debug|Mixed Platforms.Build.0 = Debug|x86
		{DD3EEB34-7AFA-4064-A0C6-9A2C2254D70F}.Debug|x86.ActiveCfg = Debug|x86
		{DD3EEB34-7AFA-4064-A0C6-9A2C2254D70F}.Debug|x86.Build.0 = Debug|x86
		{DD3EEB34-7AFA-4064-A0C6-9A2C2254D70F}.Release|Any CPU.ActiveCfg = Release|Any CPU
		{DD3EEB34-7AFA-4064-A0C6-9A2C2254D70F}.Release|Any CPU.Build.0 = Release|Any CPU
		{DD3EEB34-7AFA-4064-A0C6-9A2C2254D70F}.Release|Mixed Platforms.ActiveCfg = Release|x86
		{DD3EEB34-7AFA-4064-A0C6-9A2C2254D70F}.Release|Mixed Platforms.Build.0 = Release|x86
		{DD3EEB34-7AFA-4064-A0C6-9A2C2254D70F}.Release|x86.ActiveCfg = Release|x86
		{DD3EEB34-7AFA-4064-A0C6-9A2C2254D70F}.Release|x86.Build.0 = Release|x86
		{930AB88D-7D00-4630-BA75-9D5A68B78157}.Debug|Any CPU.ActiveCfg = Debug|Any CPU
		{930AB88D-7D00-4630-BA75-9D5A68B78157}.Debug|Any CPU.Build.0 = Debug|Any CPU
		{930AB88D-7D00-4630-BA75-9D5A68B78157}.Debug|Mixed Platforms.ActiveCfg = Debug|x86
		{930AB88D-7D00-4630-BA75-9D5A68B78157}.Debug|Mixed Platforms.Build.0 = Debug|x86
		{930AB88D-7D00-4630-BA75-9D5A68B78157}.Debug|x86.ActiveCfg = Debug|x86
		{930AB88D-7D00-4630-BA75-9D5A68B78157}.Debug|x86.Build.0 = Debug|x86
		{930AB88D-7D00-4630-BA75-9D5A68B78157}.Release|Any CPU.ActiveCfg = Release|Any CPU
		{930AB88D-7D00-4630-BA75-9D5A68B78157}.Release|Any CPU.Build.0 = Release|Any CPU
		{930AB88D-7D00-4630-BA75-9D5A68B78157}.Release|Mixed Platforms.ActiveCfg = Release|x86
		{930AB88D-7D00-4630-BA75-9D5A68B78157}.Release|Mixed Platforms.Build.0 = Release|x86
		{930AB88D-7D00-4630-BA75-9D5A68B78157}.Release|x86.ActiveCfg = Release|x86
		{930AB88D-7D00-4630-BA75-9D5A68B78157}.Release|x86.Build.0 = Release|x86
		{0AAA725D-A066-4126-B969-6A97E5DC4B0D}.Debug|Any CPU.ActiveCfg = Debug|Any CPU
		{0AAA725D-A066-4126-B969-6A97E5DC4B0D}.Debug|Any CPU.Build.0 = Debug|Any CPU
		{0AAA725D-A066-4126-B969-6A97E5DC4B0D}.Debug|Mixed Platforms.ActiveCfg = Debug|x86
		{0AAA725D-A066-4126-B969-6A97E5DC4B0D}.Debug|Mixed Platforms.Build.0 = Debug|x86
		{0AAA725D-A066-4126-B969-6A97E5DC4B0D}.Debug|x86.ActiveCfg = Debug|x86
		{0AAA725D-A066-4126-B969-6A97E5DC4B0D}.Debug|x86.Build.0 = Debug|x86
		{0AAA725D-A066-4126-B969-6A97E5DC4B0D}.Release|Any CPU.ActiveCfg = Release|Any CPU
		{0AAA725D-A066-4126-B969-6A97E5DC4B0D}.Release|Any CPU.Build.0 = Release|Any CPU
		{0AAA725D-A066-4126-B969-6A97E5DC4B0D}.Release|Mixed Platforms.ActiveCfg = Release|x86
		{0AAA725D-A066-4126-B969-6A97E5DC4B0D}.Release|Mixed Platforms.Build.0 = Release|x86
		{0AAA725D-A066-4126-B969-6A97E5DC4B0D}.Release|x86.ActiveCfg = Release|x86
		{0AAA725D-A066-4126-B969-6A97E5DC4B0D}.Release|x86.Build.0 = Release|x86
		{87599FC3-774B-4DD4-9DA3-3F501AD32CA6}.Debug|Any CPU.ActiveCfg = Debug|Any CPU
		{87599FC3-774B-4DD4-9DA3-3F501AD32CA6}.Debug|Any CPU.Build.0 = Debug|Any CPU
		{87599FC3-774B-4DD4-9DA3-3F501AD32CA6}.Debug|Mixed Platforms.ActiveCfg = Debug|x86
		{87599FC3-774B-4DD4-9DA3-3F501AD32CA6}.Debug|Mixed Platforms.Build.0 = Debug|x86
		{87599FC3-774B-4DD4-9DA3-3F501AD32CA6}.Debug|x86.ActiveCfg = Debug|Any CPU
		{87599FC3-774B-4DD4-9DA3-3F501AD32CA6}.Release|Any CPU.ActiveCfg = Release|Any CPU
		{87599FC3-774B-4DD4-9DA3-3F501AD32CA6}.Release|Any CPU.Build.0 = Release|Any CPU
		{87599FC3-774B-4DD4-9DA3-3F501AD32CA6}.Release|Mixed Platforms.ActiveCfg = Release|Any CPU
		{87599FC3-774B-4DD4-9DA3-3F501AD32CA6}.Release|Mixed Platforms.Build.0 = Release|Any CPU
		{87599FC3-774B-4DD4-9DA3-3F501AD32CA6}.Release|x86.ActiveCfg = Release|Any CPU
	EndGlobalSection
	GlobalSection(SolutionProperties) = preSolution
		HideSolutionNode = FALSE
	EndGlobalSection
EndGlobal
